<?xml version="1.0" encoding="utf-8"?>
<Project ToolsVersion="4.0" xmlns="http://schemas.microsoft.com/developer/msbuild/2003">
  <ItemGroup>
    <Filter Include="Characters">
      <UniqueIdentifier>{c8444cee-1808-442e-bb7e-4324cdb0cb12}</UniqueIdentifier>
    </Filter>
    <Filter Include="Others">
      <UniqueIdentifier>{c60d8d1f-077a-4f09-bc14-0d77a13b2013}</UniqueIdentifier>
    </Filter>
    <Filter Include="Characters\States">
      <UniqueIdentifier>{c3c6ffec-dd6e-4bc6-8af6-8af560016e00}</UniqueIdentifier>
    </Filter>
  </ItemGroup>
  <ItemGroup>
    <ClCompile Include="DigDug.cpp" />
    <ClCompile Include="pch.cpp" />
    <ClCompile Include="TaizoHoriComponent.cpp">
      <Filter>Characters</Filter>
    </ClCompile>
    <ClCompile Include="HealthDisplayComponent.cpp">
      <Filter>Others</Filter>
    </ClCompile>
    <ClCompile Include="DieStateComponent.cpp">
      <Filter>Characters\States</Filter>
    </ClCompile>
    <ClCompile Include="AttackStateComponent.cpp">
      <Filter>Characters\States</Filter>
    </ClCompile>
    <ClCompile Include="WeaponComponent.cpp">
      <Filter>Others</Filter>
    </ClCompile>
    <ClCompile Include="GhostStateComponent.cpp">
      <Filter>Characters\States</Filter>
    </ClCompile>
    <ClCompile Include="FygarComponent.cpp">
      <Filter>Characters</Filter>
    </ClCompile>
    <ClCompile Include="DefaultStateComponent.cpp">
      <Filter>Characters\States</Filter>
    </ClCompile>
    <ClCompile Include="PookahComponent.cpp">
      <Filter>Characters</Filter>
    </ClCompile>
  </ItemGroup>
  <ItemGroup>
    <ClInclude Include="pch.h" />
    <ClInclude Include="TaizoHoriComponent.h">
      <Filter>Characters</Filter>
    </ClInclude>
    <ClInclude Include="HealthDisplayComponent.h">
      <Filter>Others</Filter>
    </ClInclude>
    <ClInclude Include="DieStateComponent.h">
      <Filter>Characters\States</Filter>
    </ClInclude>
    <ClInclude Include="DigDugComponents.h" />
    <ClInclude Include="AttackStateComponent.h">
      <Filter>Characters\States</Filter>
    </ClInclude>
    <ClInclude Include="WeaponComponent.h">
      <Filter>Others</Filter>
    </ClInclude>
    <ClInclude Include="GhostStateComponent.h">
      <Filter>Characters\States</Filter>
    </ClInclude>
    <ClInclude Include="FygarComponent.h">
      <Filter>Characters</Filter>
    </ClInclude>
    <ClInclude Include="DefaultStateComponent.h">
      <Filter>Characters\States</Filter>
    </ClInclude>
    <ClInclude Include="PookahComponent.h">
      <Filter>Characters</Filter>
    </ClInclude>
  </ItemGroup>
</Project>