<?xml version="1.0" encoding="utf-8"?>
<Project ToolsVersion="4.0" xmlns="http://schemas.microsoft.com/developer/msbuild/2003">
  <ItemGroup>
    <Filter Include="Source Files">
      <UniqueIdentifier>{4FC737F1-C7A5-4376-A066-2A32D752A2FF}</UniqueIdentifier>
      <Extensions>cpp;c;cc;cxx;def;odl;idl;hpj;bat;asm;asmx</Extensions>
    </Filter>
    <Filter Include="Header Files">
      <UniqueIdentifier>{93995380-89BD-4b04-88EB-625FBE52EBFB}</UniqueIdentifier>
      <Extensions>h;hh;hpp;hxx;hm;inl;inc;xsd</Extensions>
    </Filter>
    <Filter Include="Resource Files">
      <UniqueIdentifier>{67DA6AB6-F800-4c08-8B7A-83BB121AAD01}</UniqueIdentifier>
      <Extensions>rc;ico;cur;bmp;dlg;rc2;rct;bin;rgs;gif;jpg;jpeg;jpe;resx;tiff;tif;png;wav;mfcribbon-ms</Extensions>
    </Filter>
    <Filter Include="Managers">
      <UniqueIdentifier>{37a4809f-905f-4979-9511-ffd384f2d798}</UniqueIdentifier>
    </Filter>
    <Filter Include="Components">
      <UniqueIdentifier>{8cd220fc-a278-41a8-98f3-157b2d1bba19}</UniqueIdentifier>
    </Filter>
    <Filter Include="Utility">
      <UniqueIdentifier>{a1ea50d8-c7b4-4a17-8819-2673097f08f6}</UniqueIdentifier>
    </Filter>
    <Filter Include="Main">
      <UniqueIdentifier>{b74006d9-e0ce-4f3c-ade4-4723d3341232}</UniqueIdentifier>
    </Filter>
    <Filter Include="DataClasses">
      <UniqueIdentifier>{f8fe3919-4308-403c-ac81-fa387975700b}</UniqueIdentifier>
    </Filter>
    <Filter Include="Input">
      <UniqueIdentifier>{951fdb01-7cc7-4e63-8d04-9caece017636}</UniqueIdentifier>
    </Filter>
    <Filter Include="Components\Rendering">
      <UniqueIdentifier>{b903ac52-34b8-4d06-88ed-ce92b3959a39}</UniqueIdentifier>
    </Filter>
    <Filter Include="Components\Physics">
      <UniqueIdentifier>{0dea4193-bb50-46a2-8879-1e3d8828f49e}</UniqueIdentifier>
    </Filter>
    <Filter Include="Events">
      <UniqueIdentifier>{5fe020d7-0f6a-446a-835e-cd710b39afc0}</UniqueIdentifier>
    </Filter>
    <Filter Include="Components\Utility">
      <UniqueIdentifier>{dff406a3-0c86-4904-83e1-d8abbbe724ed}</UniqueIdentifier>
    </Filter>
  </ItemGroup>
  <ItemGroup>
    <ClInclude Include="Component.h">
      <Filter>Components</Filter>
    </ClInclude>
    <ClInclude Include="ResourceManager.h">
      <Filter>Managers</Filter>
    </ClInclude>
    <ClInclude Include="SceneManager.h">
      <Filter>Managers</Filter>
    </ClInclude>
    <ClInclude Include="TransformComponent.h">
      <Filter>Components</Filter>
    </ClInclude>
    <ClInclude Include="Singleton.h">
      <Filter>Utility</Filter>
    </ClInclude>
    <ClInclude Include="MiniginPCH.h">
      <Filter>Main</Filter>
    </ClInclude>
    <ClInclude Include="GameObject.h">
      <Filter>Main</Filter>
    </ClInclude>
    <ClInclude Include="Chrono.h">
      <Filter>Utility</Filter>
    </ClInclude>
    <ClInclude Include="Scene.h">
      <Filter>Main</Filter>
    </ClInclude>
    <ClInclude Include="targetver.h">
      <Filter>Main</Filter>
    </ClInclude>
    <ClInclude Include="Structs.h">
      <Filter>DataClasses</Filter>
    </ClInclude>
    <ClInclude Include="Canvas.h">
      <Filter>Main</Filter>
    </ClInclude>
    <ClInclude Include="Const.h">
      <Filter>DataClasses</Filter>
    </ClInclude>
    <ClInclude Include="Game.h">
      <Filter>Main</Filter>
    </ClInclude>
    <ClInclude Include="Components.h">
      <Filter>Components</Filter>
    </ClInclude>
    <ClInclude Include="Managers.h">
      <Filter>Managers</Filter>
    </ClInclude>
    <ClInclude Include="InputDevice.h">
      <Filter>Input</Filter>
    </ClInclude>
    <ClInclude Include="Keyboard.h">
      <Filter>Input</Filter>
    </ClInclude>
    <ClInclude Include="Controller.h">
      <Filter>Input</Filter>
    </ClInclude>
    <ClInclude Include="Command.h">
      <Filter>Input</Filter>
    </ClInclude>
    <ClInclude Include="InputManager.h">
      <Filter>Input</Filter>
    </ClInclude>
    <ClInclude Include="TextureComponent.h">
      <Filter>Components\Rendering</Filter>
    </ClInclude>
    <ClInclude Include="TextComponent.h">
      <Filter>Components\Rendering</Filter>
    </ClInclude>
    <ClInclude Include="BodyComponent.h">
      <Filter>Components\Physics</Filter>
    </ClInclude>
    <ClInclude Include="ForceFieldComponent.h">
      <Filter>Components\Physics</Filter>
    </ClInclude>
    <ClInclude Include="MassComponent.h">
      <Filter>Components\Physics</Filter>
    </ClInclude>
    <ClInclude Include="Event.h">
      <Filter>Events</Filter>
    </ClInclude>
    <ClInclude Include="EventNotifier.h">
      <Filter>Events</Filter>
    </ClInclude>
    <ClInclude Include="EventObserver.h">
      <Filter>Events</Filter>
    </ClInclude>
    <ClInclude Include="AnimatorComponent.h">
      <Filter>Components\Rendering</Filter>
    </ClInclude>
    <ClInclude Include="ColliderComponent.h">
      <Filter>Components\Physics</Filter>
    </ClInclude>
    <ClInclude Include="TileMapComponent.h">
      <Filter>Components\Rendering</Filter>
    </ClInclude>
    <ClInclude Include="RenderableComponent.h">
      <Filter>Components\Rendering</Filter>
    </ClInclude>
    <ClInclude Include="StateComponent.h">
      <Filter>Components</Filter>
    </ClInclude>
    <ClInclude Include="FPSComponent.h">
      <Filter>Components\Utility</Filter>
    </ClInclude>
  </ItemGroup>
  <ItemGroup>
    <ClCompile Include="ResourceManager.cpp">
      <Filter>Managers</Filter>
    </ClCompile>
    <ClCompile Include="SceneManager.cpp">
      <Filter>Managers</Filter>
    </ClCompile>
    <ClCompile Include="TransformComponent.cpp">
      <Filter>Components</Filter>
    </ClCompile>
    <ClCompile Include="GameObject.cpp">
      <Filter>Main</Filter>
    </ClCompile>
    <ClCompile Include="MiniginPCH.cpp">
      <Filter>Main</Filter>
    </ClCompile>
    <ClCompile Include="Chrono.cpp">
      <Filter>Utility</Filter>
    </ClCompile>
    <ClCompile Include="Scene.cpp">
      <Filter>Main</Filter>
    </ClCompile>
    <ClCompile Include="Structs.cpp">
      <Filter>DataClasses</Filter>
    </ClCompile>
    <ClCompile Include="Canvas.cpp">
      <Filter>Main</Filter>
    </ClCompile>
    <ClCompile Include="Game.cpp">
      <Filter>Main</Filter>
    </ClCompile>
    <ClCompile Include="InputDevice.cpp">
      <Filter>Input</Filter>
    </ClCompile>
    <ClCompile Include="Keyboard.cpp">
      <Filter>Input</Filter>
    </ClCompile>
    <ClCompile Include="Controller.cpp">
      <Filter>Input</Filter>
    </ClCompile>
    <ClCompile Include="InputManager.cpp">
      <Filter>Input</Filter>
    </ClCompile>
    <ClCompile Include="TextComponent.cpp">
      <Filter>Components\Rendering</Filter>
    </ClCompile>
    <ClCompile Include="TextureComponent.cpp">
      <Filter>Components\Rendering</Filter>
    </ClCompile>
    <ClCompile Include="BodyComponent.cpp">
      <Filter>Components\Physics</Filter>
    </ClCompile>
    <ClCompile Include="ForceFieldComponent.cpp">
      <Filter>Components\Physics</Filter>
    </ClCompile>
    <ClCompile Include="MassComponent.cpp">
      <Filter>Components\Physics</Filter>
    </ClCompile>
    <ClCompile Include="EventNotifier.cpp">
      <Filter>Events</Filter>
    </ClCompile>
    <ClCompile Include="AnimatorComponent.cpp">
      <Filter>Components\Rendering</Filter>
    </ClCompile>
    <ClCompile Include="ColliderComponent.cpp">
      <Filter>Components\Physics</Filter>
    </ClCompile>
    <ClCompile Include="RenderableComponent.cpp">
      <Filter>Components\Rendering</Filter>
    </ClCompile>
    <ClCompile Include="FPSComponent.cpp">
      <Filter>Components\Utility</Filter>
    </ClCompile>
  </ItemGroup>
</Project>